// !$*UTF8*$!
{
	archiveVersion = 1;
	classes = {
	};
	objectVersion = 46;
	objects = {

/* Begin PBXBuildFile section */
		0AAB73221F683A1700466FA1 /* B.m in Sources */ = {isa = PBXBuildFile; fileRef = 0AAB73211F683A1700466FA1 /* B.m */; };
		0AAB73231F683A1700466FA1 /* B.h in CopyFiles */ = {isa = PBXBuildFile; fileRef = 0AAB73201F683A1700466FA1 /* B.h */; };
		0AB54BC01F683FB30071D9E1 /* libA.a in Frameworks */ = {isa = PBXBuildFile; fileRef = 0AB54BBE1F683F760071D9E1 /* libA.a */; };
/* End PBXBuildFile section */

/* Begin PBXCopyFilesBuildPhase section */
		0AAB731B1F683A1700466FA1 /* CopyFiles */ = {
			isa = PBXCopyFilesBuildPhase;
			buildActionMask = 2147483647;
			dstPath = "include/$(PRODUCT_NAME)";
			dstSubfolderSpec = 16;
			files = (
				0AAB73231F683A1700466FA1 /* B.h in CopyFiles */,
			);
			runOnlyForDeploymentPostprocessing = 0;
		};
/* End PBXCopyFilesBuildPhase section */

/* Begin PBXFileReference section */
		0AAB731D1F683A1700466FA1 /* libB.a */ = {isa = PBXFileReference; explicitFileType = archive.ar; includeInIndex = 0; path = libB.a; sourceTree = BUILT_PRODUCTS_DIR; };
		0AAB73201F683A1700466FA1 /* B.h */ = {isa = PBXFileReference; lastKnownFileType = sourcecode.c.h; path = B.h; sourceTree = "<group>"; };
		0AAB73211F683A1700466FA1 /* B.m */ = {isa = PBXFileReference; lastKnownFileType = sourcecode.c.objc; path = B.m; sourceTree = "<group>"; };
		0AB54BBE1F683F760071D9E1 /* libA.a */ = {isa = PBXFileReference; lastKnownFileType = archive.ar; name = libA.a; path = "../A/build/Debug-iphonesimulator/libA.a"; sourceTree = "<group>"; };
/* End PBXFileReference section */

/* Begin PBXFrameworksBuildPhase section */
		0AAB731A1F683A1700466FA1 /* Frameworks */ = {
			isa = PBXFrameworksBuildPhase;
			buildActionMask = 2147483647;
			files = (
				0AB54BC01F683FB30071D9E1 /* libA.a in Frameworks */,
			);
			runOnlyForDeploymentPostprocessing = 0;
		};
/* End PBXFrameworksBuildPhase section */

/* Begin PBXGroup section */
		0AAB73141F683A1700466FA1 = {
			isa = PBXGroup;
			children = (
				0AAB731F1F683A1700466FA1 /* B */,
				0AAB731E1F683A1700466FA1 /* Products */,
				0AB54BBD1F683F760071D9E1 /* Frameworks */,
			);
			sourceTree = "<group>";
		};
		0AAB731E1F683A1700466FA1 /* Products */ = {
			isa = PBXGroup;
			children = (
				0AAB731D1F683A1700466FA1 /* libB.a */,
			);
			name = Products;
			sourceTree = "<group>";
		};
		0AAB731F1F683A1700466FA1 /* B */ = {
			isa = PBXGroup;
			children = (
				0AAB73201F683A1700466FA1 /* B.h */,
				0AAB73211F683A1700466FA1 /* B.m */,
			);
			path = B;
			sourceTree = "<group>";
		};
		0AB54BBD1F683F760071D9E1 /* Frameworks */ = {
			isa = PBXGroup;
			children = (
				0AB54BBE1F683F760071D9E1 /* libA.a */,
			);
			name = Frameworks;
			sourceTree = "<group>";
		};
/* End PBXGroup section */

/* Begin PBXNativeTarget section */
		0AAB731C1F683A1700466FA1 /* B */ = {
			isa = PBXNativeTarget;
			buildConfigurationList = 0AAB73261F683A1700466FA1 /* Build configuration list for PBXNativeTarget "B" */;
			buildPhases = (
				0AAB73191F683A1700466FA1 /* Sources */,
				0AAB731A1F683A1700466FA1 /* Frameworks */,
				0AAB731B1F683A1700466FA1 /* CopyFiles */,
			);
			buildRules = (
			);
			dependencies = (
			);
			name = B;
			productName = B;
			productReference = 0AAB731D1F683A1700466FA1 /* libB.a */;
			productType = "com.apple.product-type.library.static";
		};
/* End PBXNativeTarget section */

/* Begin PBXProject section */
		0AAB73151F683A1700466FA1 /* Project object */ = {
			isa = PBXProject;
			attributes = {
				LastUpgradeCheck = 0900;
				ORGANIZATIONNAME = Yangsc;
				TargetAttributes = {
					0AAB731C1F683A1700466FA1 = {
						CreatedOnToolsVersion = 8.3.3;
						ProvisioningStyle = Automatic;
					};
				};
			};
			buildConfigurationList = 0AAB73181F683A1700466FA1 /* Build configuration list for PBXProject "B" */;
			compatibilityVersion = "Xcode 3.2";
			developmentRegion = English;
			hasScannedForEncodings = 0;
			knownRegions = (
				en,
			);
			mainGroup = 0AAB73141F683A1700466FA1;
			productRefGroup = 0AAB731E1F683A1700466FA1 /* Products */;
			projectDirPath = "";
			projectRoot = "";
			targets = (
				0AAB731C1F683A1700466FA1 /* B */,
			);
		};
/* End PBXProject section */

/* Begin PBXSourcesBuildPhase section */
		0AAB73191F683A1700466FA1 /* Sources */ = {
			isa = PBXSourcesBuildPhase;
			buildActionMask = 2147483647;
			files = (
				0AAB73221F683A1700466FA1 /* B.m in Sources */,
			);
			runOnlyForDeploymentPostprocessing = 0;
		};
/* End PBXSourcesBuildPhase section */

/* Begin XCBuildConfiguration section */
		0AAB73241F683A1700466FA1 /* Debug */ = {
			isa = XCBuildConfiguration;
			buildSettings = {
				ALWAYS_SEARCH_USER_PATHS = NO;
				CLANG_ANALYZER_NONNULL = YES;
				CLANG_ANALYZER_NUMBER_OBJECT_CONVERSION = YES_AGGRESSIVE;
				CLANG_CXX_LANGUAGE_STANDARD = "gnu++0x";
				CLANG_CXX_LIBRARY = "libc++";
				CLANG_ENABLE_MODULES = YES;
				CLANG_ENABLE_OBJC_ARC = YES;
				CLANG_WARN_BLOCK_CAPTURE_AUTORELEASING = YES;
				CLANG_WARN_BOOL_CONVERSION = YES;
				CLANG_WARN_COMMA = YES;
				CLANG_WARN_CONSTANT_CONVERSION = YES;
				CLANG_WARN_DIRECT_OBJC_ISA_USAGE = YES_ERROR;
				CLANG_WARN_DOCUMENTATION_COMMENTS = YES;
				CLANG_WARN_EMPTY_BODY = YES;
				CLANG_WARN_ENUM_CONVERSION = YES;
				CLANG_WARN_INFINITE_RECURSION = YES;
				CLANG_WARN_INT_CONVERSION = YES;
				CLANG_WARN_NON_LITERAL_NULL_CONVERSION = YES;
				CLANG_WARN_OBJC_LITERAL_CONVERSION = YES;
				CLANG_WARN_OBJC_ROOT_CLASS = YES_ERROR;
				CLANG_WARN_RANGE_LOOP_ANALYSIS = YES;
				CLANG_WARN_STRICT_PROTOTYPES = YES;
				CLANG_WARN_SUSPICIOUS_MOVE = YES;
				CLANG_WARN_UNREACHABLE_CODE = YES;
				CLANG_WARN__DUPLICATE_METHOD_MATCH = YES;
				"CODE_SIGN_IDENTITY[sdk=iphoneos*]" = "iPhone Developer";
				COPY_PHASE_STRIP = NO;
				DEBUG_INFORMATION_FORMAT = dwarf;
				ENABLE_STRICT_OBJC_MSGSEND = YES;
				ENABLE_TESTABILITY = YES;
				GCC_C_LANGUAGE_STANDARD = gnu99;
				GCC_DYNAMIC_NO_PIC = NO;
				GCC_NO_COMMON_BLOCKS = YES;
				GCC_OPTIMIZATION_LEVEL = 0;
				GCC_PREPROCESSOR_DEFINITIONS = (
					"DEBUG=1",
					"$(inherited)",
				);
				GCC_WARN_64_TO_32_BIT_CONVERSION = YES;
				GCC_WARN_ABOUT_RETURN_TYPE = YES_ERROR;
				GCC_WARN_UNDECLARED_SELECTOR = YES;
				GCC_WARN_UNINITIALIZED_AUTOS = YES_AGGRESSIVE;
				GCC_WARN_UNUSED_FUNCTION = YES;
				GCC_WARN_UNUSED_VARIABLE = YES;
				IPHONEOS_DEPLOYMENT_TARGET = 10.3;
				MTL_ENABLE_DEBUG_INFO = YES;
				ONLY_ACTIVE_ARCH = YES;
				SDKROOT = iphoneos;
			};
			name = Debug;
		};
		0AAB73251F683A1700466FA1 /* Release */ = {
			isa = XCBuildConfiguration;
			buildSettings = {
				ALWAYS_SEARCH_USER_PATHS = NO;
				CLANG_ANALYZER_NONNULL = YES;
				CLANG_ANALYZER_NUMBER_OBJECT_CONVERSION = YES_AGGRESSIVE;
				CLANG_CXX_LANGUAGE_STANDARD = "gnu++0x";
				CLANG_CXX_LIBRARY = "libc++";
				CLANG_ENABLE_MODULES = YES;
				CLANG_ENABLE_OBJC_ARC = YES;
				CLANG_WARN_BLOCK_CAPTURE_AUTORELEASING = YES;
				CLANG_WARN_BOOL_CONVERSION = YES;
				CLANG_WARN_COMMA = YES;
				CLANG_WARN_CONSTANT_CONVERSION = YES;
				CLANG_WARN_DIRECT_OBJC_ISA_USAGE = YES_ERROR;
				CLANG_WARN_DOCUMENTATION_COMMENTS = YES;
				CLANG_WARN_EMPTY_BODY = YES;
				CLANG_WARN_ENUM_CONVERSION = YES;
				CLANG_WARN_INFINITE_RECURSION = YES;
				CLANG_WARN_INT_CONVERSION = YES;
				CLANG_WARN_NON_LITERAL_NULL_CONVERSION = YES;
				CLANG_WARN_OBJC_LITERAL_CONVERSION = YES;
				CLANG_WARN_OBJC_ROOT_CLASS = YES_ERROR;
				CLANG_WARN_RANGE_LOOP_ANALYSIS = YES;
				CLANG_WARN_STRICT_PROTOTYPES = YES;
				CLANG_WARN_SUSPICIOUS_MOVE = YES;
				CLANG_WARN_UNREACHABLE_CODE = YES;
				CLANG_WARN__DUPLICATE_METHOD_MATCH = YES;
				"CODE_SIGN_IDENTITY[sdk=iphoneos*]" = "iPhone Developer";
				COPY_PHASE_STRIP = NO;
				DEBUG_INFORMATION_FORMAT = "dwarf-with-dsym";
				ENABLE_NS_ASSERTIONS = NO;
				ENABLE_STRICT_OBJC_MSGSEND = YES;
				GCC_C_LANGUAGE_STANDARD = gnu99;
				GCC_NO_COMMON_BLOCKS = YES;
				GCC_WARN_64_TO_32_BIT_CONVERSION = YES;
				GCC_WARN_ABOUT_RETURN_TYPE = YES_ERROR;
				GCC_WARN_UNDECLARED_SELECTOR = YES;
				GCC_WARN_UNINITIALIZED_AUTOS = YES_AGGRESSIVE;
				GCC_WARN_UNUSED_FUNCTION = YES;
				GCC_WARN_UNUSED_VARIABLE = YES;
				IPHONEOS_DEPLOYMENT_TARGET = 10.3;
				MTL_ENABLE_DEBUG_INFO = NO;
				SDKROOT = iphoneos;
				VALIDATE_PRODUCT = YES;
			};
			name = Release;
		};
		0AAB73271F683A1700466FA1 /* Debug */ = {
			isa = XCBuildConfiguration;
			buildSettings = {
				CONFIGURATION_BUILD_DIR = "build/$(CONFIGURATION)$(EFFECTIVE_PLATFORM_NAME)";
				CONFIGURATION_TEMP_DIR = "build/$(CONFIGURATION)$(EFFECTIVE_PLATFORM_NAME)";
				ENABLE_BITCODE = NO;
				HEADER_SEARCH_PATHS = ../A/A;
				LIBRARY_SEARCH_PATHS = "../A/build/$(CONFIGURATION)$(EFFECTIVE_PLATFORM_NAME)";
				OBJROOT = "build/$(CONFIGURATION)$(EFFECTIVE_PLATFORM_NAME)";
				ONLY_ACTIVE_ARCH = NO;
				OTHER_LDFLAGS = "-ObjC";
				PRODUCT_NAME = "$(TARGET_NAME)";
				SKIP_INSTALL = YES;
				SYMROOT = "build/$(CONFIGURATION)$(EFFECTIVE_PLATFORM_NAME)";
			};
			name = Debug;
		};
		0AAB73281F683A1700466FA1 /* Release */ = {
			isa = XCBuildConfiguration;
			buildSettings = {
				CONFIGURATION_BUILD_DIR = "build/$(CONFIGURATION)$(EFFECTIVE_PLATFORM_NAME)";
				CONFIGURATION_TEMP_DIR = "build/$(CONFIGURATION)$(EFFECTIVE_PLATFORM_NAME)";
				ENABLE_BITCODE = NO;
				HEADER_SEARCH_PATHS = ../A/A;
				LIBRARY_SEARCH_PATHS = "../A/build/$(CONFIGURATION)$(EFFECTIVE_PLATFORM_NAME)";
				OBJROOT = "build/$(CONFIGURATION)$(EFFECTIVE_PLATFORM_NAME)";
				OTHER_LDFLAGS = "-ObjC";
				PRODUCT_NAME = "$(TARGET_NAME)";
				SKIP_INSTALL = YES;
				SYMROOT = "build/$(CONFIGURATION)$(EFFECTIVE_PLATFORM_NAME)";
			};
			name = Release;
		};
/* End XCBuildConfiguration section */

/* Begin XCConfigurationList section */
		0AAB73181F683A1700466FA1 /* Build configuration list for PBXProject "B" */ = {
			isa = XCConfigurationList;
			buildConfigurations = (
				0AAB73241F683A1700466FA1 /* Debug */,
				0AAB73251F683A1700466FA1 /* Release */,
			);
			defaultConfigurationIsVisible = 0;
			defaultConfigurationName = Release;
		};
		0AAB73261F683A1700466FA1 /* Build configuration list for PBXNativeTarget "B" */ = {
			isa = XCConfigurationList;
			buildConfigurations = (
				0AAB73271F683A1700466FA1 /* Debug */,
				0AAB73281F683A1700466FA1 /* Release */,
			);
			defaultConfigurationIsVisible = 0;
			defaultConfigurationName = Release;
		};
/* End XCConfigurationList section */
	};
	rootObject = 0AAB73151F683A1700466FA1 /* Project object */;
}
